github.com/AlekSi/reflector v0.4.1/go.mod h1:K9Yt9Jbte9Xw4QZ3e/ovaWduyRSlKVmwnze4z3+bVxs=
github.com/tpretz/go-zabbix-api v0.3.1/go.mod h1:vCzbm8q1QYUHmeWisZSfJzt5MfPj+JeRoNW5o4sG72o=
github.com/tpretz/go-zabbix-api v0.8.0 h1:5xlz9QCcwApIvrPru/WzTUkPltlo+x8tBpbExW9mrjU=
github.com/tpretz/go-zabbix-api v0.8.0/go.mod h1:SFemU2FNM7aeT3/NinjDw0SQEZGVOoU5d+CqXKTetbw=
